lockfileVersion: '9.0'

settings:
  autoInstallPeers: true
  excludeLinksFromLockfile: false

importers:

  .:
    dependencies:
      '@countrystatecity/countries':
        specifier: 1.0.9
        version: 1.0.9
      all-the-cities:
        specifier: 3.1.0
        version: 3.1.0

packages:

  '@countrystatecity/countries@1.0.9':
    resolution: {integrity: sha512-CnrvnMJS4lLZGFpEp+NuDN73DkDm7CkVE7wtTgntDNt3RQrQKgfs80VWDEIUmQpNSazlR7ipg4Qjc/xVAxFOVw==}

  all-the-cities@3.1.0:
    resolution: {integrity: sha512-Jx+mZR7lUVSX+qk785T3MRkAJYMvUpOmeNQSCbUl1WcCNpBUKJsQJ6uZzOl3/bWXVIUx1UhDFs8ASDHSI3rvzg==}

  ieee754@1.2.1:
    resolution: {integrity: sha512-dcyqhDvX1C46lXZcVqCpK+FtMRQVdIMN6/Df5js2zouUsqG7I6sFxitIC+7KYK29KdXOLHdu9zL4sFnoVQnqaA==}

  pbf@3.3.0:
    resolution: {integrity: sha512-XDF38WCH3z5OV/OVa8GKUNtLAyneuzbCisx7QUCF8Q6Nutx0WnJrQe5O+kOtBlLfRNUws98Y58Lblp+NJG5T4Q==}
    hasBin: true

  protocol-buffers-schema@3.6.1:
    resolution: {integrity: sha512-VG2K63Igkiv9p76tk1lilczEK1cT+kCjKtkdhw1dQZV3k3IXJbd3o6Ho8b9zJZaHSnT2hKe4I+ObmX9w6m5SmQ==}

  resolve-protobuf-schema@2.1.0:
    resolution: {integrity: sha512-kI5ffTiZWmJaS/huM8wZfEMer1eRd7oJQhDuxeCLe3t7N7mX3z94CN0xPxBQxFYQTSNz9T0i+v6inKqSdK8xrQ==}

snapshots:

  '@countrystatecity/countries@1.0.9': {}

  all-the-cities@3.1.0:
    dependencies:
      pbf: 3.3.0

  ieee754@1.2.1: {}

  pbf@3.3.0:
    dependencies:
      ieee754: 1.2.1
      resolve-protobuf-schema: 2.1.0

  protocol-buffers-schema@3.6.1: {}

  resolve-protobuf-schema@2.1.0:
    dependencies:
      protocol-buffers-schema: 3.6.1
